// !$*UTF8*$!
{
	archiveVersion = 1;
	classes = {
	};
	objectVersion = 46;
	objects = {

/* Begin PBXBuildFile section */
		5507941B1586FB06001AB9A7 /* TapItActionSheetAdViewController.m in Sources */ = {isa = PBXBuildFile; fileRef = 5507941A1586FB06001AB9A7 /* TapItActionSheetAdViewController.m */; };
		55202BFC1537A04A00B2244E /* TapItAdManager.m in Sources */ = {isa = PBXBuildFile; fileRef = 55202BFB1537A04A00B2244E /* TapItAdManager.m */; };
		55202C031537C59C00B2244E /* NSDictionary+QueryStringBuilder.m in Sources */ = {isa = PBXBuildFile; fileRef = 55202C021537C59C00B2244E /* NSDictionary+QueryStringBuilder.m */; };
		5521353415A3CBB10048179D /* TapItInterstitialAdViewController.m in Sources */ = {isa = PBXBuildFile; fileRef = 5521353315A3CBB00048179D /* TapItInterstitialAdViewController.m */; };
		552EF86B15A2B572009898D4 /* QuartzCore.framework in Frameworks */ = {isa = PBXBuildFile; fileRef = 552EF86A15A2B572009898D4 /* QuartzCore.framework */; };
		55559A3315A7A32100C85565 /* interstitial_close_button@2x.png in Resources */ = {isa = PBXBuildFile; fileRef = 55559A3115A7A32100C85565 /* interstitial_close_button@2x.png */; };
		55559A3415A7A32100C85565 /* interstitial_close_button.png in Resources */ = {isa = PBXBuildFile; fileRef = 55559A3215A7A32100C85565 /* interstitial_close_button.png */; };
		5572AABB15997D1000D3E5A6 /* README.md in Resources */ = {isa = PBXBuildFile; fileRef = 5572AABA15997D1000D3E5A6 /* README.md */; };
		5572AAC11599862700D3E5A6 /* TapItAdBrowserController.m in Sources */ = {isa = PBXBuildFile; fileRef = 5572AABE1599862600D3E5A6 /* TapItAdBrowserController.m */; };
		5572AAC21599862700D3E5A6 /* TapItAdBrowserController.xib in Resources */ = {isa = PBXBuildFile; fileRef = 5572AABF1599862600D3E5A6 /* TapItAdBrowserController.xib */; };
		5581896315A258E800B14BCD /* TapItLightboxAdViewController.m in Sources */ = {isa = PBXBuildFile; fileRef = 5581896215A258E800B14BCD /* TapItLightboxAdViewController.m */; };
		5594982415366E4100D6495D /* UIKit.framework in Frameworks */ = {isa = PBXBuildFile; fileRef = 5594982315366E4100D6495D /* UIKit.framework */; };
		5594982615366E4100D6495D /* Foundation.framework in Frameworks */ = {isa = PBXBuildFile; fileRef = 5594982515366E4100D6495D /* Foundation.framework */; };
		5594982815366E4100D6495D /* CoreGraphics.framework in Frameworks */ = {isa = PBXBuildFile; fileRef = 5594982715366E4100D6495D /* CoreGraphics.framework */; };
		5594982E15366E4100D6495D /* InfoPlist.strings in Resources */ = {isa = PBXBuildFile; fileRef = 5594982C15366E4100D6495D /* InfoPlist.strings */; };
		5594983015366E4100D6495D /* main.m in Sources */ = {isa = PBXBuildFile; fileRef = 5594982F15366E4100D6495D /* main.m */; };
		5594983415366E4100D6495D /* AppDelegate.m in Sources */ = {isa = PBXBuildFile; fileRef = 5594983315366E4100D6495D /* AppDelegate.m */; };
		5594983715366E4100D6495D /* MainStoryboard_iPhone.storyboard in Resources */ = {isa = PBXBuildFile; fileRef = 5594983515366E4100D6495D /* MainStoryboard_iPhone.storyboard */; };
		5594983A15366E4200D6495D /* MainStoryboard_iPad.storyboard in Resources */ = {isa = PBXBuildFile; fileRef = 5594983815366E4200D6495D /* MainStoryboard_iPad.storyboard */; };
		5594983D15366E4200D6495D /* FirstViewController.m in Sources */ = {isa = PBXBuildFile; fileRef = 5594983C15366E4200D6495D /* FirstViewController.m */; };
		5594983F15366E4200D6495D /* first.png in Resources */ = {isa = PBXBuildFile; fileRef = 5594983E15366E4200D6495D /* first.png */; };
		5594984115366E4200D6495D /* first@2x.png in Resources */ = {isa = PBXBuildFile; fileRef = 5594984015366E4200D6495D /* first@2x.png */; };
		5594984415366E4200D6495D /* SecondViewController.m in Sources */ = {isa = PBXBuildFile; fileRef = 5594984315366E4200D6495D /* SecondViewController.m */; };
		5594984615366E4200D6495D /* second.png in Resources */ = {isa = PBXBuildFile; fileRef = 5594984515366E4200D6495D /* second.png */; };
		5594984815366E4200D6495D /* second@2x.png in Resources */ = {isa = PBXBuildFile; fileRef = 5594984715366E4200D6495D /* second@2x.png */; };
		5594985215366F9300D6495D /* TapItBannerAdView.m in Sources */ = {isa = PBXBuildFile; fileRef = 5594985115366F9300D6495D /* TapItBannerAdView.m */; };
		55949856153670D900D6495D /* TapItInterstitialAd.m in Sources */ = {isa = PBXBuildFile; fileRef = 55949855153670D900D6495D /* TapItInterstitialAd.m */; };
		55949863153671A600D6495D /* OpenUDID.m in Sources */ = {isa = PBXBuildFile; fileRef = 55949862153671A600D6495D /* OpenUDID.m */; };
		55949866153672A200D6495D /* TapItAppTracker.m in Sources */ = {isa = PBXBuildFile; fileRef = 55949865153672A200D6495D /* TapItAppTracker.m */; };
		559498871536A2E500D6495D /* TapItRequest.m in Sources */ = {isa = PBXBuildFile; fileRef = 559498861536A2E500D6495D /* TapItRequest.m */; };
		5594988F1536A36100D6495D /* TapItAdView.m in Sources */ = {isa = PBXBuildFile; fileRef = 5594988D1536A35F00D6495D /* TapItAdView.m */; };
		55A64B5E1537E7F200AFDDFF /* CHANGELOG.md in Resources */ = {isa = PBXBuildFile; fileRef = 55A64B5A1537E7F200AFDDFF /* CHANGELOG.md */; };
		55A64B5F1537E7F200AFDDFF /* JSONKit.m in Sources */ = {isa = PBXBuildFile; fileRef = 55A64B5C1537E7F200AFDDFF /* JSONKit.m */; };
		55A64B601537E7F200AFDDFF /* README.md in Resources */ = {isa = PBXBuildFile; fileRef = 55A64B5D1537E7F200AFDDFF /* README.md */; };
		55ABC3F915A63AA200B13844 /* CoreLocation.framework in Frameworks */ = {isa = PBXBuildFile; fileRef = 55ABC3F815A63AA200B13844 /* CoreLocation.framework */; settings = {ATTRIBUTES = (Weak, ); }; };
		55C7004E15A767E700818F44 /* Reachability.m in Sources */ = {isa = PBXBuildFile; fileRef = 55C7004D15A767E700818F44 /* Reachability.m */; };
		55C7005015A76AEB00818F44 /* SystemConfiguration.framework in Frameworks */ = {isa = PBXBuildFile; fileRef = 55C7004F15A76AEB00818F44 /* SystemConfiguration.framework */; };
/* End PBXBuildFile section */

/* Begin PBXFileReference section */
		550794191586FB06001AB9A7 /* TapItActionSheetAdViewController.h */ = {isa = PBXFileReference; fileEncoding = 4; lastKnownFileType = sourcecode.c.h; name = TapItActionSheetAdViewController.h; path = TapItSDK/TapItActionSheetAdViewController.h; sourceTree = "<group>"; };
		5507941A1586FB06001AB9A7 /* TapItActionSheetAdViewController.m */ = {isa = PBXFileReference; fileEncoding = 4; lastKnownFileType = sourcecode.c.objc; name = TapItActionSheetAdViewController.m; path = TapItSDK/TapItActionSheetAdViewController.m; sourceTree = "<group>"; };
		55202BFA1537A04A00B2244E /* TapItAdManager.h */ = {isa = PBXFileReference; fileEncoding = 4; lastKnownFileType = sourcecode.c.h; name = TapItAdManager.h; path = TapItSDK/TapItAdManager.h; sourceTree = "<group>"; };
		55202BFB1537A04A00B2244E /* TapItAdManager.m */ = {isa = PBXFileReference; fileEncoding = 4; lastKnownFileType = sourcecode.c.objc; name = TapItAdManager.m; path = TapItSDK/TapItAdManager.m; sourceTree = "<group>"; };
		55202C011537C59C00B2244E /* NSDictionary+QueryStringBuilder.h */ = {isa = PBXFileReference; fileEncoding = 4; lastKnownFileType = sourcecode.c.h; path = "NSDictionary+QueryStringBuilder.h"; sourceTree = "<group>"; };
		55202C021537C59C00B2244E /* NSDictionary+QueryStringBuilder.m */ = {isa = PBXFileReference; fileEncoding = 4; lastKnownFileType = sourcecode.c.objc; path = "NSDictionary+QueryStringBuilder.m"; sourceTree = "<group>"; };
		5521353215A3CBB00048179D /* TapItInterstitialAdViewController.h */ = {isa = PBXFileReference; fileEncoding = 4; lastKnownFileType = sourcecode.c.h; name = TapItInterstitialAdViewController.h; path = TapItSDK/TapItInterstitialAdViewController.h; sourceTree = "<group>"; };
		5521353315A3CBB00048179D /* TapItInterstitialAdViewController.m */ = {isa = PBXFileReference; fileEncoding = 4; lastKnownFileType = sourcecode.c.objc; name = TapItInterstitialAdViewController.m; path = TapItSDK/TapItInterstitialAdViewController.m; sourceTree = "<group>"; };
		552E9A701538CA0A00FD22C4 /* TapItAdManagerDelegate.h */ = {isa = PBXFileReference; fileEncoding = 4; lastKnownFileType = sourcecode.c.h; name = TapItAdManagerDelegate.h; path = TapItSDK/TapItAdManagerDelegate.h; sourceTree = "<group>"; };
		552E9A711538CDB400FD22C4 /* TapItConstants.h */ = {isa = PBXFileReference; fileEncoding = 4; lastKnownFileType = sourcecode.c.h; name = TapItConstants.h; path = TapItSDK/Headers/TapItConstants.h; sourceTree = "<group>"; };
		552EF86A15A2B572009898D4 /* QuartzCore.framework */ = {isa = PBXFileReference; lastKnownFileType = wrapper.framework; name = QuartzCore.framework; path = System/Library/Frameworks/QuartzCore.framework; sourceTree = SDKROOT; };
		55559A3115A7A32100C85565 /* interstitial_close_button@2x.png */ = {isa = PBXFileReference; lastKnownFileType = image.png; path = "interstitial_close_button@2x.png"; sourceTree = "<group>"; };
		55559A3215A7A32100C85565 /* interstitial_close_button.png */ = {isa = PBXFileReference; lastKnownFileType = image.png; path = interstitial_close_button.png; sourceTree = "<group>"; };
		5572AABA15997D1000D3E5A6 /* README.md */ = {isa = PBXFileReference; fileEncoding = 4; lastKnownFileType = text; path = README.md; sourceTree = "<group>"; };
		5572AABD1599862600D3E5A6 /* TapItAdBrowserController.h */ = {isa = PBXFileReference; fileEncoding = 4; lastKnownFileType = sourcecode.c.h; name = TapItAdBrowserController.h; path = TapItSDK/TapItAdBrowserController.h; sourceTree = "<group>"; };
		5572AABE1599862600D3E5A6 /* TapItAdBrowserController.m */ = {isa = PBXFileReference; fileEncoding = 4; lastKnownFileType = sourcecode.c.objc; name = TapItAdBrowserController.m; path = TapItSDK/TapItAdBrowserController.m; sourceTree = "<group>"; };
		5572AABF1599862600D3E5A6 /* TapItAdBrowserController.xib */ = {isa = PBXFileReference; fileEncoding = 4; lastKnownFileType = file.xib; name = TapItAdBrowserController.xib; path = TapItSDK/TapItAdBrowserController.xib; sourceTree = "<group>"; };
		5581896115A258E800B14BCD /* TapItLightboxAdViewController.h */ = {isa = PBXFileReference; fileEncoding = 4; lastKnownFileType = sourcecode.c.h; name = TapItLightboxAdViewController.h; path = TapItSDK/TapItLightboxAdViewController.h; sourceTree = "<group>"; };
		5581896215A258E800B14BCD /* TapItLightboxAdViewController.m */ = {isa = PBXFileReference; fileEncoding = 4; lastKnownFileType = sourcecode.c.objc; name = TapItLightboxAdViewController.m; path = TapItSDK/TapItLightboxAdViewController.m; sourceTree = "<group>"; };
		5594981F15366E4100D6495D /* TapIt-iOS-Sample.app */ = {isa = PBXFileReference; explicitFileType = wrapper.application; includeInIndex = 0; path = "TapIt-iOS-Sample.app"; sourceTree = BUILT_PRODUCTS_DIR; };
		5594982315366E4100D6495D /* UIKit.framework */ = {isa = PBXFileReference; lastKnownFileType = wrapper.framework; name = UIKit.framework; path = System/Library/Frameworks/UIKit.framework; sourceTree = SDKROOT; };
		5594982515366E4100D6495D /* Foundation.framework */ = {isa = PBXFileReference; lastKnownFileType = wrapper.framework; name = Foundation.framework; path = System/Library/Frameworks/Foundation.framework; sourceTree = SDKROOT; };
		5594982715366E4100D6495D /* CoreGraphics.framework */ = {isa = PBXFileReference; lastKnownFileType = wrapper.framework; name = CoreGraphics.framework; path = System/Library/Frameworks/CoreGraphics.framework; sourceTree = SDKROOT; };
		5594982B15366E4100D6495D /* TapIt-iOS-Sample-Info.plist */ = {isa = PBXFileReference; lastKnownFileType = text.plist.xml; path = "TapIt-iOS-Sample-Info.plist"; sourceTree = "<group>"; };
		5594982D15366E4100D6495D /* en */ = {isa = PBXFileReference; lastKnownFileType = text.plist.strings; name = en; path = en.lproj/InfoPlist.strings; sourceTree = "<group>"; };
		5594982F15366E4100D6495D /* main.m */ = {isa = PBXFileReference; lastKnownFileType = sourcecode.c.objc; path = main.m; sourceTree = "<group>"; };
		5594983115366E4100D6495D /* TapIt-iOS-Sample-Prefix.pch */ = {isa = PBXFileReference; lastKnownFileType = sourcecode.c.h; path = "TapIt-iOS-Sample-Prefix.pch"; sourceTree = "<group>"; };
		5594983215366E4100D6495D /* AppDelegate.h */ = {isa = PBXFileReference; lastKnownFileType = sourcecode.c.h; path = AppDelegate.h; sourceTree = "<group>"; };
		5594983315366E4100D6495D /* AppDelegate.m */ = {isa = PBXFileReference; lastKnownFileType = sourcecode.c.objc; path = AppDelegate.m; sourceTree = "<group>"; };
		5594983615366E4100D6495D /* en */ = {isa = PBXFileReference; lastKnownFileType = file.storyboard; name = en; path = en.lproj/MainStoryboard_iPhone.storyboard; sourceTree = "<group>"; };
		5594983915366E4200D6495D /* en */ = {isa = PBXFileReference; lastKnownFileType = file.storyboard; name = en; path = en.lproj/MainStoryboard_iPad.storyboard; sourceTree = "<group>"; };
		5594983B15366E4200D6495D /* FirstViewController.h */ = {isa = PBXFileReference; lastKnownFileType = sourcecode.c.h; path = FirstViewController.h; sourceTree = "<group>"; };
		5594983C15366E4200D6495D /* FirstViewController.m */ = {isa = PBXFileReference; lastKnownFileType = sourcecode.c.objc; path = FirstViewController.m; sourceTree = "<group>"; };
		5594983E15366E4200D6495D /* first.png */ = {isa = PBXFileReference; lastKnownFileType = image.png; path = first.png; sourceTree = "<group>"; };
		5594984015366E4200D6495D /* first@2x.png */ = {isa = PBXFileReference; lastKnownFileType = image.png; path = "first@2x.png"; sourceTree = "<group>"; };
		5594984215366E4200D6495D /* SecondViewController.h */ = {isa = PBXFileReference; lastKnownFileType = sourcecode.c.h; path = SecondViewController.h; sourceTree = "<group>"; };
		5594984315366E4200D6495D /* SecondViewController.m */ = {isa = PBXFileReference; lastKnownFileType = sourcecode.c.objc; path = SecondViewController.m; sourceTree = "<group>"; };
		5594984515366E4200D6495D /* second.png */ = {isa = PBXFileReference; lastKnownFileType = image.png; path = second.png; sourceTree = "<group>"; };
		5594984715366E4200D6495D /* second@2x.png */ = {isa = PBXFileReference; lastKnownFileType = image.png; path = "second@2x.png"; sourceTree = "<group>"; };
		5594985115366F9300D6495D /* TapItBannerAdView.m */ = {isa = PBXFileReference; fileEncoding = 4; lastKnownFileType = sourcecode.c.objc; name = TapItBannerAdView.m; path = TapItSDK/TapItBannerAdView.m; sourceTree = "<group>"; };
		559498531536705200D6495D /* TapIt.h */ = {isa = PBXFileReference; lastKnownFileType = sourcecode.c.h; name = TapIt.h; path = TapItSDK/Headers/TapIt.h; sourceTree = "<group>"; };
		55949855153670D900D6495D /* TapItInterstitialAd.m */ = {isa = PBXFileReference; fileEncoding = 4; lastKnownFileType = sourcecode.c.objc; name = TapItInterstitialAd.m; path = TapItSDK/TapItInterstitialAd.m; sourceTree = "<group>"; };
		55949861153671A600D6495D /* OpenUDID.h */ = {isa = PBXFileReference; fileEncoding = 4; lastKnownFileType = sourcecode.c.h; path = OpenUDID.h; sourceTree = "<group>"; };
		55949862153671A600D6495D /* OpenUDID.m */ = {isa = PBXFileReference; fileEncoding = 4; lastKnownFileType = sourcecode.c.objc; path = OpenUDID.m; sourceTree = "<group>"; };
		55949865153672A200D6495D /* TapItAppTracker.m */ = {isa = PBXFileReference; fileEncoding = 4; lastKnownFileType = sourcecode.c.objc; name = TapItAppTracker.m; path = TapItSDK/TapItAppTracker.m; sourceTree = "<group>"; };
		559498671536751400D6495D /* TapItAppTracker.h */ = {isa = PBXFileReference; fileEncoding = 4; lastKnownFileType = sourcecode.c.h; name = TapItAppTracker.h; path = TapItSDK/Headers/TapItAppTracker.h; sourceTree = "<group>"; };
		559498681536751400D6495D /* TapItBannerAdView.h */ = {isa = PBXFileReference; fileEncoding = 4; lastKnownFileType = sourcecode.c.h; name = TapItBannerAdView.h; path = TapItSDK/Headers/TapItBannerAdView.h; sourceTree = "<group>"; };
		559498691536751400D6495D /* TapItInterstitialAd.h */ = {isa = PBXFileReference; fileEncoding = 4; lastKnownFileType = sourcecode.c.h; name = TapItInterstitialAd.h; path = TapItSDK/Headers/TapItInterstitialAd.h; sourceTree = "<group>"; };
		5594987F153695C400D6495D /* iAd.framework */ = {isa = PBXFileReference; lastKnownFileType = wrapper.framework; name = iAd.framework; path = System/Library/Frameworks/iAd.framework; sourceTree = SDKROOT; };
		559498851536A2E500D6495D /* TapItRequest.h */ = {isa = PBXFileReference; fileEncoding = 4; lastKnownFileType = sourcecode.c.h; name = TapItRequest.h; path = TapItSDK/TapItRequest.h; sourceTree = "<group>"; };
		559498861536A2E500D6495D /* TapItRequest.m */ = {isa = PBXFileReference; fileEncoding = 4; lastKnownFileType = sourcecode.c.objc; name = TapItRequest.m; path = TapItSDK/TapItRequest.m; sourceTree = "<group>"; };
		5594988C1536A35F00D6495D /* TapItAdView.h */ = {isa = PBXFileReference; fileEncoding = 4; lastKnownFileType = sourcecode.c.h; name = TapItAdView.h; path = TapItSDK/TapItAdView.h; sourceTree = "<group>"; };
		5594988D1536A35F00D6495D /* TapItAdView.m */ = {isa = PBXFileReference; fileEncoding = 4; lastKnownFileType = sourcecode.c.objc; name = TapItAdView.m; path = TapItSDK/TapItAdView.m; sourceTree = "<group>"; };
		5594988E1536A36000D6495D /* TapItPrivateConstants.h */ = {isa = PBXFileReference; fileEncoding = 4; lastKnownFileType = sourcecode.c.h; name = TapItPrivateConstants.h; path = TapItSDK/TapItPrivateConstants.h; sourceTree = "<group>"; };
		559498901536A36F00D6495D /* TapItAdDelegates.h */ = {isa = PBXFileReference; fileEncoding = 4; lastKnownFileType = sourcecode.c.h; name = TapItAdDelegates.h; path = TapItSDK/Headers/TapItAdDelegates.h; sourceTree = "<group>"; };
		55A64B5A1537E7F200AFDDFF /* CHANGELOG.md */ = {isa = PBXFileReference; fileEncoding = 4; lastKnownFileType = text; path = CHANGELOG.md; sourceTree = "<group>"; };
		55A64B5B1537E7F200AFDDFF /* JSONKit.h */ = {isa = PBXFileReference; fileEncoding = 4; lastKnownFileType = sourcecode.c.h; path = JSONKit.h; sourceTree = "<group>"; };
		55A64B5C1537E7F200AFDDFF /* JSONKit.m */ = {isa = PBXFileReference; fileEncoding = 4; lastKnownFileType = sourcecode.c.objc; path = JSONKit.m; sourceTree = "<group>"; };
		55A64B5D1537E7F200AFDDFF /* README.md */ = {isa = PBXFileReference; fileEncoding = 4; lastKnownFileType = text; path = README.md; sourceTree = "<group>"; };
		55ABC3F815A63AA200B13844 /* CoreLocation.framework */ = {isa = PBXFileReference; lastKnownFileType = wrapper.framework; name = CoreLocation.framework; path = System/Library/Frameworks/CoreLocation.framework; sourceTree = SDKROOT; };
		55C7004C15A767E700818F44 /* Reachability.h */ = {isa = PBXFileReference; fileEncoding = 4; lastKnownFileType = sourcecode.c.h; name = Reachability.h; path = Reachability/Reachability.h; sourceTree = "<group>"; };
		55C7004D15A767E700818F44 /* Reachability.m */ = {isa = PBXFileReference; fileEncoding = 4; lastKnownFileType = sourcecode.c.objc; name = Reachability.m; path = Reachability/Reachability.m; sourceTree = "<group>"; };
		55C7004F15A76AEB00818F44 /* SystemConfiguration.framework */ = {isa = PBXFileReference; lastKnownFileType = wrapper.framework; name = SystemConfiguration.framework; path = System/Library/Frameworks/SystemConfiguration.framework; sourceTree = SDKROOT; };
/* End PBXFileReference section */

/* Begin PBXFrameworksBuildPhase section */
		5594981C15366E4100D6495D /* Frameworks */ = {
			isa = PBXFrameworksBuildPhase;
			buildActionMask = 2147483647;
			files = (
				55C7005015A76AEB00818F44 /* SystemConfiguration.framework in Frameworks */,
				55ABC3F915A63AA200B13844 /* CoreLocation.framework in Frameworks */,
				552EF86B15A2B572009898D4 /* QuartzCore.framework in Frameworks */,
				5594982415366E4100D6495D /* UIKit.framework in Frameworks */,
				5594982615366E4100D6495D /* Foundation.framework in Frameworks */,
				5594982815366E4100D6495D /* CoreGraphics.framework in Frameworks */,
			);
			runOnlyForDeploymentPostprocessing = 0;
		};
/* End PBXFrameworksBuildPhase section */

/* Begin PBXGroup section */
		5594981415366E4100D6495D = {
			isa = PBXGroup;
			children = (
				55C7004F15A76AEB00818F44 /* SystemConfiguration.framework */,
				55ABC3F815A63AA200B13844 /* CoreLocation.framework */,
				552EF86A15A2B572009898D4 /* QuartzCore.framework */,
				5572AABA15997D1000D3E5A6 /* README.md */,
				5594985F153671A600D6495D /* Lib */,
				5594984E15366E4900D6495D /* TapItSDK */,
				5594982915366E4100D6495D /* TapIt-iOS-Sample */,
				5594982215366E4100D6495D /* Frameworks */,
				5594982015366E4100D6495D /* Products */,
			);
			sourceTree = "<group>";
		};
		5594982015366E4100D6495D /* Products */ = {
			isa = PBXGroup;
			children = (
				5594981F15366E4100D6495D /* TapIt-iOS-Sample.app */,
			);
			name = Products;
			sourceTree = "<group>";
		};
		5594982215366E4100D6495D /* Frameworks */ = {
			isa = PBXGroup;
			children = (
				5594987F153695C400D6495D /* iAd.framework */,
				5594982315366E4100D6495D /* UIKit.framework */,
				5594982515366E4100D6495D /* Foundation.framework */,
				5594982715366E4100D6495D /* CoreGraphics.framework */,
			);
			name = Frameworks;
			sourceTree = "<group>";
		};
		5594982915366E4100D6495D /* TapIt-iOS-Sample */ = {
			isa = PBXGroup;
			children = (
				5594983215366E4100D6495D /* AppDelegate.h */,
				5594983315366E4100D6495D /* AppDelegate.m */,
				5594983515366E4100D6495D /* MainStoryboard_iPhone.storyboard */,
				5594983815366E4200D6495D /* MainStoryboard_iPad.storyboard */,
				5594983B15366E4200D6495D /* FirstViewController.h */,
				5594983C15366E4200D6495D /* FirstViewController.m */,
				5594983E15366E4200D6495D /* first.png */,
				5594984015366E4200D6495D /* first@2x.png */,
				5594984215366E4200D6495D /* SecondViewController.h */,
				5594984315366E4200D6495D /* SecondViewController.m */,
				5594984515366E4200D6495D /* second.png */,
				5594984715366E4200D6495D /* second@2x.png */,
				5594982A15366E4100D6495D /* Supporting Files */,
			);
			path = "TapIt-iOS-Sample";
			sourceTree = "<group>";
		};
		5594982A15366E4100D6495D /* Supporting Files */ = {
			isa = PBXGroup;
			children = (
				5594982B15366E4100D6495D /* TapIt-iOS-Sample-Info.plist */,
				5594982C15366E4100D6495D /* InfoPlist.strings */,
				5594982F15366E4100D6495D /* main.m */,
				5594983115366E4100D6495D /* TapIt-iOS-Sample-Prefix.pch */,
			);
			name = "Supporting Files";
			sourceTree = "<group>";
		};
		5594984E15366E4900D6495D /* TapItSDK */ = {
			isa = PBXGroup;
			children = (
				55559A3115A7A32100C85565 /* interstitial_close_button@2x.png */,
				55559A3215A7A32100C85565 /* interstitial_close_button.png */,
				5594984F15366E5500D6495D /* Headers */,
				5594988C1536A35F00D6495D /* TapItAdView.h */,
				5594988D1536A35F00D6495D /* TapItAdView.m */,
				5594988E1536A36000D6495D /* TapItPrivateConstants.h */,
				5594985115366F9300D6495D /* TapItBannerAdView.m */,
				55949855153670D900D6495D /* TapItInterstitialAd.m */,
				55949865153672A200D6495D /* TapItAppTracker.m */,
				559498861536A2E500D6495D /* TapItRequest.m */,
				55202BFA1537A04A00B2244E /* TapItAdManager.h */,
				55202BFB1537A04A00B2244E /* TapItAdManager.m */,
				552E9A701538CA0A00FD22C4 /* TapItAdManagerDelegate.h */,
				550794191586FB06001AB9A7 /* TapItActionSheetAdViewController.h */,
				5507941A1586FB06001AB9A7 /* TapItActionSheetAdViewController.m */,
				5572AABD1599862600D3E5A6 /* TapItAdBrowserController.h */,
				5572AABE1599862600D3E5A6 /* TapItAdBrowserController.m */,
				5572AABF1599862600D3E5A6 /* TapItAdBrowserController.xib */,
				5581896115A258E800B14BCD /* TapItLightboxAdViewController.h */,
				5581896215A258E800B14BCD /* TapItLightboxAdViewController.m */,
				5521353215A3CBB00048179D /* TapItInterstitialAdViewController.h */,
				5521353315A3CBB00048179D /* TapItInterstitialAdViewController.m */,
			);
			name = TapItSDK;
			sourceTree = "<group>";
		};
		5594984F15366E5500D6495D /* Headers */ = {
			isa = PBXGroup;
			children = (
				559498851536A2E500D6495D /* TapItRequest.h */,
				559498901536A36F00D6495D /* TapItAdDelegates.h */,
				559498671536751400D6495D /* TapItAppTracker.h */,
				559498681536751400D6495D /* TapItBannerAdView.h */,
				559498691536751400D6495D /* TapItInterstitialAd.h */,
				559498531536705200D6495D /* TapIt.h */,
				552E9A711538CDB400FD22C4 /* TapItConstants.h */,
			);
			name = Headers;
			sourceTree = "<group>";
		};
		5594985F153671A600D6495D /* Lib */ = {
			isa = PBXGroup;
			children = (
				55C7004A15A765EB00818F44 /* Reachability */,
				55A64B591537E7F200AFDDFF /* JSONKit */,
				55202C011537C59C00B2244E /* NSDictionary+QueryStringBuilder.h */,
				55202C021537C59C00B2244E /* NSDictionary+QueryStringBuilder.m */,
				55949860153671A600D6495D /* OpenUDID */,
			);
			path = Lib;
			sourceTree = "<group>";
		};
		55949860153671A600D6495D /* OpenUDID */ = {
			isa = PBXGroup;
			children = (
				55949861153671A600D6495D /* OpenUDID.h */,
				55949862153671A600D6495D /* OpenUDID.m */,
			);
			path = OpenUDID;
			sourceTree = "<group>";
		};
		55A64B591537E7F200AFDDFF /* JSONKit */ = {
			isa = PBXGroup;
			children = (
				55A64B5A1537E7F200AFDDFF /* CHANGELOG.md */,
				55A64B5B1537E7F200AFDDFF /* JSONKit.h */,
				55A64B5C1537E7F200AFDDFF /* JSONKit.m */,
				55A64B5D1537E7F200AFDDFF /* README.md */,
			);
			path = JSONKit;
			sourceTree = "<group>";
		};
		55C7004A15A765EB00818F44 /* Reachability */ = {
			isa = PBXGroup;
			children = (
				55C7004C15A767E700818F44 /* Reachability.h */,
				55C7004D15A767E700818F44 /* Reachability.m */,
			);
			name = Reachability;
			sourceTree = "<group>";
		};
/* End PBXGroup section */

/* Begin PBXNativeTarget section */
		5594981E15366E4100D6495D /* TapIt-iOS-Sample */ = {
			isa = PBXNativeTarget;
			buildConfigurationList = 5594984B15366E4200D6495D /* Build configuration list for PBXNativeTarget "TapIt-iOS-Sample" */;
			buildPhases = (
				5594981B15366E4100D6495D /* Sources */,
				5594981C15366E4100D6495D /* Frameworks */,
				5594981D15366E4100D6495D /* Resources */,
			);
			buildRules = (
			);
			dependencies = (
			);
			name = "TapIt-iOS-Sample";
			productName = "TapIt-iOS-Sample";
			productReference = 5594981F15366E4100D6495D /* TapIt-iOS-Sample.app */;
			productType = "com.apple.product-type.application";
		};
/* End PBXNativeTarget section */

/* Begin PBXProject section */
		5594981615366E4100D6495D /* Project object */ = {
			isa = PBXProject;
			attributes = {
				LastUpgradeCheck = 0430;
			};
			buildConfigurationList = 5594981915366E4100D6495D /* Build configuration list for PBXProject "TapIt-iOS-Sample" */;
			compatibilityVersion = "Xcode 3.2";
			developmentRegion = English;
			hasScannedForEncodings = 0;
			knownRegions = (
				en,
			);
			mainGroup = 5594981415366E4100D6495D;
			productRefGroup = 5594982015366E4100D6495D /* Products */;
			projectDirPath = "";
			projectRoot = "";
			targets = (
				5594981E15366E4100D6495D /* TapIt-iOS-Sample */,
			);
		};
/* End PBXProject section */

/* Begin PBXResourcesBuildPhase section */
		5594981D15366E4100D6495D /* Resources */ = {
			isa = PBXResourcesBuildPhase;
			buildActionMask = 2147483647;
			files = (
				5594982E15366E4100D6495D /* InfoPlist.strings in Resources */,
				5594983715366E4100D6495D /* MainStoryboard_iPhone.storyboard in Resources */,
				5594983A15366E4200D6495D /* MainStoryboard_iPad.storyboard in Resources */,
				5594983F15366E4200D6495D /* first.png in Resources */,
				5594984115366E4200D6495D /* first@2x.png in Resources */,
				5594984615366E4200D6495D /* second.png in Resources */,
				5594984815366E4200D6495D /* second@2x.png in Resources */,
				55A64B5E1537E7F200AFDDFF /* CHANGELOG.md in Resources */,
				55A64B601537E7F200AFDDFF /* README.md in Resources */,
				5572AABB15997D1000D3E5A6 /* README.md in Resources */,
				5572AAC21599862700D3E5A6 /* TapItAdBrowserController.xib in Resources */,
				55559A3315A7A32100C85565 /* interstitial_close_button@2x.png in Resources */,
				55559A3415A7A32100C85565 /* interstitial_close_button.png in Resources */,
			);
			runOnlyForDeploymentPostprocessing = 0;
		};
/* End PBXResourcesBuildPhase section */

/* Begin PBXSourcesBuildPhase section */
		5594981B15366E4100D6495D /* Sources */ = {
			isa = PBXSourcesBuildPhase;
			buildActionMask = 2147483647;
			files = (
				5594983015366E4100D6495D /* main.m in Sources */,
				5594983415366E4100D6495D /* AppDelegate.m in Sources */,
				5594983D15366E4200D6495D /* FirstViewController.m in Sources */,
				5594984415366E4200D6495D /* SecondViewController.m in Sources */,
				5594985215366F9300D6495D /* TapItBannerAdView.m in Sources */,
				55949856153670D900D6495D /* TapItInterstitialAd.m in Sources */,
				55949863153671A600D6495D /* OpenUDID.m in Sources */,
				55949866153672A200D6495D /* TapItAppTracker.m in Sources */,
				559498871536A2E500D6495D /* TapItRequest.m in Sources */,
				5594988F1536A36100D6495D /* TapItAdView.m in Sources */,
				55202BFC1537A04A00B2244E /* TapItAdManager.m in Sources */,
				55202C031537C59C00B2244E /* NSDictionary+QueryStringBuilder.m in Sources */,
				55A64B5F1537E7F200AFDDFF /* JSONKit.m in Sources */,
				5507941B1586FB06001AB9A7 /* TapItActionSheetAdViewController.m in Sources */,
				5572AAC11599862700D3E5A6 /* TapItAdBrowserController.m in Sources */,
				5581896315A258E800B14BCD /* TapItLightboxAdViewController.m in Sources */,
				5521353415A3CBB10048179D /* TapItInterstitialAdViewController.m in Sources */,
				55C7004E15A767E700818F44 /* Reachability.m in Sources */,
			);
			runOnlyForDeploymentPostprocessing = 0;
		};
/* End PBXSourcesBuildPhase section */

/* Begin PBXVariantGroup section */
		5594982C15366E4100D6495D /* InfoPlist.strings */ = {
			isa = PBXVariantGroup;
			children = (
				5594982D15366E4100D6495D /* en */,
			);
			name = InfoPlist.strings;
			sourceTree = "<group>";
		};
		5594983515366E4100D6495D /* MainStoryboard_iPhone.storyboard */ = {
			isa = PBXVariantGroup;
			children = (
				5594983615366E4100D6495D /* en */,
			);
			name = MainStoryboard_iPhone.storyboard;
			sourceTree = "<group>";
		};
		5594983815366E4200D6495D /* MainStoryboard_iPad.storyboard */ = {
			isa = PBXVariantGroup;
			children = (
				5594983915366E4200D6495D /* en */,
			);
			name = MainStoryboard_iPad.storyboard;
			sourceTree = "<group>";
		};
/* End PBXVariantGroup section */

/* Begin XCBuildConfiguration section */
		553ACB64158EF48600C722D9 /* Ad Hoc Distrubution */ = {
			isa = XCBuildConfiguration;
			buildSettings = {
				ALWAYS_SEARCH_USER_PATHS = NO;
				ARCHS = "$(ARCHS_STANDARD_32_BIT)";
				CODE_SIGN_IDENTITY = "";
				"CODE_SIGN_IDENTITY[sdk=iphoneos*]" = "iPhone Distribution: Giancarlo Maniaci";
				COPY_PHASE_STRIP = YES;
				GCC_C_LANGUAGE_STANDARD = gnu99;
				GCC_VERSION = com.apple.compilers.llvm.clang.1_0;
				GCC_WARN_ABOUT_RETURN_TYPE = YES;
				GCC_WARN_UNINITIALIZED_AUTOS = YES;
				GCC_WARN_UNUSED_VARIABLE = YES;
				IPHONEOS_DEPLOYMENT_TARGET = 5.1;
				OTHER_CFLAGS = "-DNS_BLOCK_ASSERTIONS=1";
				"PROVISIONING_PROFILE[sdk=iphoneos*]" = "7870D2D5-FB5F-41A8-9593-903BDDE7F0E2";
				SDKROOT = iphoneos;
				TARGETED_DEVICE_FAMILY = "1,2";
				VALIDATE_PRODUCT = YES;
			};
			name = "Ad Hoc Distrubution";
		};
		553ACB65158EF48600C722D9 /* Ad Hoc Distrubution */ = {
			isa = XCBuildConfiguration;
			buildSettings = {
				GCC_PRECOMPILE_PREFIX_HEADER = YES;
				GCC_PREFIX_HEADER = "TapIt-iOS-Sample/TapIt-iOS-Sample-Prefix.pch";
				INFOPLIST_FILE = "TapIt-iOS-Sample/TapIt-iOS-Sample-Info.plist";
				PRODUCT_NAME = "$(TARGET_NAME)";
				SCAN_ALL_SOURCE_FILES_FOR_INCLUDES = YES;
				WRAPPER_EXTENSION = app;
			};
			name = "Ad Hoc Distrubution";
		};
		5594984915366E4200D6495D /* Debug */ = {
			isa = XCBuildConfiguration;
			buildSettings = {
				ALWAYS_SEARCH_USER_PATHS = NO;
				ARCHS = "$(ARCHS_STANDARD_32_BIT)";
				"CODE_SIGN_IDENTITY[sdk=iphoneos*]" = "iPhone Developer";
				COPY_PHASE_STRIP = NO;
				GCC_C_LANGUAGE_STANDARD = gnu99;
				GCC_DYNAMIC_NO_PIC = NO;
				GCC_OPTIMIZATION_LEVEL = 0;
				GCC_PREPROCESSOR_DEFINITIONS = (
					"DEBUG=1",
					"$(inherited)",
				);
				GCC_SYMBOLS_PRIVATE_EXTERN = NO;
				GCC_VERSION = com.apple.compilers.llvm.clang.1_0;
				GCC_WARN_ABOUT_RETURN_TYPE = YES;
				GCC_WARN_UNINITIALIZED_AUTOS = YES;
				GCC_WARN_UNUSED_VARIABLE = YES;
				IPHONEOS_DEPLOYMENT_TARGET = 5.1;
				SDKROOT = iphoneos;
				TARGETED_DEVICE_FAMILY = "1,2";
			};
			name = Debug;
		};
		5594984A15366E4200D6495D /* Release */ = {
			isa = XCBuildConfiguration;
			buildSettings = {
				ALWAYS_SEARCH_USER_PATHS = NO;
				ARCHS = "$(ARCHS_STANDARD_32_BIT)";
				"CODE_SIGN_IDENTITY[sdk=iphoneos*]" = "iPhone Distribution";
				COPY_PHASE_STRIP = YES;
				GCC_C_LANGUAGE_STANDARD = gnu99;
				GCC_VERSION = com.apple.compilers.llvm.clang.1_0;
				GCC_WARN_ABOUT_RETURN_TYPE = YES;
				GCC_WARN_UNINITIALIZED_AUTOS = YES;
				GCC_WARN_UNUSED_VARIABLE = YES;
				IPHONEOS_DEPLOYMENT_TARGET = 5.1;
				OTHER_CFLAGS = "-DNS_BLOCK_ASSERTIONS=1";
				"PROVISIONING_PROFILE[sdk=iphoneos*]" = "";
				SDKROOT = iphoneos;
				TARGETED_DEVICE_FAMILY = "1,2";
				VALIDATE_PRODUCT = YES;
			};
			name = Release;
		};
		5594984C15366E4200D6495D /* Debug */ = {
			isa = XCBuildConfiguration;
			buildSettings = {
				GCC_PRECOMPILE_PREFIX_HEADER = YES;
				GCC_PREFIX_HEADER = "TapIt-iOS-Sample/TapIt-iOS-Sample-Prefix.pch";
				INFOPLIST_FILE = "TapIt-iOS-Sample/TapIt-iOS-Sample-Info.plist";
				PRODUCT_NAME = "$(TARGET_NAME)";
				SCAN_ALL_SOURCE_FILES_FOR_INCLUDES = YES;
				WRAPPER_EXTENSION = app;
			};
			name = Debug;
		};
		5594984D15366E4200D6495D /* Release */ = {
			isa = XCBuildConfiguration;
			buildSettings = {
				GCC_PRECOMPILE_PREFIX_HEADER = YES;
				GCC_PREFIX_HEADER = "TapIt-iOS-Sample/TapIt-iOS-Sample-Prefix.pch";
				INFOPLIST_FILE = "TapIt-iOS-Sample/TapIt-iOS-Sample-Info.plist";
				PRODUCT_NAME = "$(TARGET_NAME)";
				SCAN_ALL_SOURCE_FILES_FOR_INCLUDES = YES;
				WRAPPER_EXTENSION = app;
			};
			name = Release;
		};
/* End XCBuildConfiguration section */

/* Begin XCConfigurationList section */
		5594981915366E4100D6495D /* Build configuration list for PBXProject "TapIt-iOS-Sample" */ = {
			isa = XCConfigurationList;
			buildConfigurations = (
				5594984915366E4200D6495D /* Debug */,
				5594984A15366E4200D6495D /* Release */,
				553ACB64158EF48600C722D9 /* Ad Hoc Distrubution */,
			);
			defaultConfigurationIsVisible = 0;
			defaultConfigurationName = Release;
		};
		5594984B15366E4200D6495D /* Build configuration list for PBXNativeTarget "TapIt-iOS-Sample" */ = {
			isa = XCConfigurationList;
			buildConfigurations = (
				5594984C15366E4200D6495D /* Debug */,
				5594984D15366E4200D6495D /* Release */,
				553ACB65158EF48600C722D9 /* Ad Hoc Distrubution */,
			);
			defaultConfigurationIsVisible = 0;
			defaultConfigurationName = Release;
		};
/* End XCConfigurationList section */
	};
	rootObject = 5594981615366E4100D6495D /* Project object */;
}
